// !$*UTF8*$!
{
	archiveVersion = 1;
	classes = {
	};
	objectVersion = 50;
	objects = {

/* Begin PBXBuildFile section */
		C7991B302633D4C200704952 /* TestApp.swift in Sources */ = {isa = PBXBuildFile; fileRef = C7991B2F2633D4C200704952 /* TestApp.swift */; };
		C7991B322633D4C200704952 /* ContentView.swift in Sources */ = {isa = PBXBuildFile; fileRef = C7991B312633D4C200704952 /* ContentView.swift */; };
		C7991B342633D4C400704952 /* Assets.xcassets in Resources */ = {isa = PBXBuildFile; fileRef = C7991B332633D4C400704952 /* Assets.xcassets */; };
		C7991B372633D4C400704952 /* Preview Assets.xcassets in Resources */ = {isa = PBXBuildFile; fileRef = C7991B362633D4C400704952 /* Preview Assets.xcassets */; };
		C7991B392633D4C400704952 /* Persistence.swift in Sources */ = {isa = PBXBuildFile; fileRef = C7991B382633D4C400704952 /* Persistence.swift */; };
		C7991B3C2633D4C400704952 /* Test.xcdatamodeld in Sources */ = {isa = PBXBuildFile; fileRef = C7991B3A2633D4C400704952 /* Test.xcdatamodeld */; };
		C7991B472633D4C400704952 /* TestTests.swift in Sources */ = {isa = PBXBuildFile; fileRef = C7991B462633D4C400704952 /* TestTests.swift */; };
		C7991B522633D4C400704952 /* TestUITests.swift in Sources */ = {isa = PBXBuildFile; fileRef = C7991B512633D4C400704952 /* TestUITests.swift */; };
		C7991B602634221A00704952 /* ContentViewOld.swift in Sources */ = {isa = PBXBuildFile; fileRef = C7991B5F2634221A00704952 /* ContentViewOld.swift */; };
		C7991B6226348A1F00704952 /* ContentViewTemp.swift in Sources */ = {isa = PBXBuildFile; fileRef = C7991B6126348A1F00704952 /* ContentViewTemp.swift */; };
/* End PBXBuildFile section */

/* Begin PBXContainerItemProxy section */
		C7991B432633D4C400704952 /* PBXContainerItemProxy */ = {
			isa = PBXContainerItemProxy;
			containerPortal = C7991B242633D4C200704952 /* Project object */;
			proxyType = 1;
			remoteGlobalIDString = C7991B2B2633D4C200704952;
			remoteInfo = Test;
		};
		C7991B4E2633D4C400704952 /* PBXContainerItemProxy */ = {
			isa = PBXContainerItemProxy;
			containerPortal = C7991B242633D4C200704952 /* Project object */;
			proxyType = 1;
			remoteGlobalIDString = C7991B2B2633D4C200704952;
			remoteInfo = Test;
		};
/* End PBXContainerItemProxy section */

/* Begin PBXFileReference section */
		C7991B2C2633D4C200704952 /* Test.app */ = {isa = PBXFileReference; explicitFileType = wrapper.application; includeInIndex = 0; path = Test.app; sourceTree = BUILT_PRODUCTS_DIR; };
		C7991B2F2633D4C200704952 /* TestApp.swift */ = {isa = PBXFileReference; lastKnownFileType = sourcecode.swift; path = TestApp.swift; sourceTree = "<group>"; };
		C7991B312633D4C200704952 /* ContentView.swift */ = {isa = PBXFileReference; lastKnownFileType = sourcecode.swift; path = ContentView.swift; sourceTree = "<group>"; };
		C7991B332633D4C400704952 /* Assets.xcassets */ = {isa = PBXFileReference; lastKnownFileType = folder.assetcatalog; path = Assets.xcassets; sourceTree = "<group>"; };
		C7991B362633D4C400704952 /* Preview Assets.xcassets */ = {isa = PBXFileReference; lastKnownFileType = folder.assetcatalog; path = "Preview Assets.xcassets"; sourceTree = "<group>"; };
		C7991B382633D4C400704952 /* Persistence.swift */ = {isa = PBXFileReference; lastKnownFileType = sourcecode.swift; path = Persistence.swift; sourceTree = "<group>"; };
		C7991B3B2633D4C400704952 /* Test.xcdatamodel */ = {isa = PBXFileReference; lastKnownFileType = wrapper.xcdatamodel; path = Test.xcdatamodel; sourceTree = "<group>"; };
		C7991B3D2633D4C400704952 /* Info.plist */ = {isa = PBXFileReference; lastKnownFileType = text.plist.xml; path = Info.plist; sourceTree = "<group>"; };
		C7991B422633D4C400704952 /* TestTests.xctest */ = {isa = PBXFileReference; explicitFileType = wrapper.cfbundle; includeInIndex = 0; path = TestTests.xctest; sourceTree = BUILT_PRODUCTS_DIR; };
		C7991B462633D4C400704952 /* TestTests.swift */ = {isa = PBXFileReference; lastKnownFileType = sourcecode.swift; path = TestTests.swift; sourceTree = "<group>"; };
		C7991B482633D4C400704952 /* Info.plist */ = {isa = PBXFileReference; lastKnownFileType = text.plist.xml; path = Info.plist; sourceTree = "<group>"; };
		C7991B4D2633D4C400704952 /* TestUITests.xctest */ = {isa = PBXFileReference; explicitFileType = wrapper.cfbundle; includeInIndex = 0; path = TestUITests.xctest; sourceTree = BUILT_PRODUCTS_DIR; };
		C7991B512633D4C400704952 /* TestUITests.swift */ = {isa = PBXFileReference; lastKnownFileType = sourcecode.swift; path = TestUITests.swift; sourceTree = "<group>"; };
		C7991B532633D4C400704952 /* Info.plist */ = {isa = PBXFileReference; lastKnownFileType = text.plist.xml; path = Info.plist; sourceTree = "<group>"; };
		C7991B5F2634221A00704952 /* ContentViewOld.swift */ = {isa = PBXFileReference; lastKnownFileType = sourcecode.swift; path = ContentViewOld.swift; sourceTree = "<group>"; };
		C7991B6126348A1F00704952 /* ContentViewTemp.swift */ = {isa = PBXFileReference; lastKnownFileType = sourcecode.swift; path = ContentViewTemp.swift; sourceTree = "<group>"; };
/* End PBXFileReference section */

/* Begin PBXFrameworksBuildPhase section */
		C7991B292633D4C200704952 /* Frameworks */ = {
			isa = PBXFrameworksBuildPhase;
			buildActionMask = 2147483647;
			files = (
			);
			runOnlyForDeploymentPostprocessing = 0;
		};
		C7991B3F2633D4C400704952 /* Frameworks */ = {
			isa = PBXFrameworksBuildPhase;
			buildActionMask = 2147483647;
			files = (
			);
			runOnlyForDeploymentPostprocessing = 0;
		};
		C7991B4A2633D4C400704952 /* Frameworks */ = {
			isa = PBXFrameworksBuildPhase;
			buildActionMask = 2147483647;
			files = (
			);
			runOnlyForDeploymentPostprocessing = 0;
		};
/* End PBXFrameworksBuildPhase section */

/* Begin PBXGroup section */
		C7991B232633D4C200704952 = {
			isa = PBXGroup;
			children = (
				C7991B2E2633D4C200704952 /* Test */,
				C7991B452633D4C400704952 /* TestTests */,
				C7991B502633D4C400704952 /* TestUITests */,
				C7991B2D2633D4C200704952 /* Products */,
			);
			sourceTree = "<group>";
		};
		C7991B2D2633D4C200704952 /* Products */ = {
			isa = PBXGroup;
			children = (
				C7991B2C2633D4C200704952 /* Test.app */,
				C7991B422633D4C400704952 /* TestTests.xctest */,
				C7991B4D2633D4C400704952 /* TestUITests.xctest */,
			);
			name = Products;
			sourceTree = "<group>";
		};
		C7991B2E2633D4C200704952 /* Test */ = {
			isa = PBXGroup;
			children = (
				C7991B2F2633D4C200704952 /* TestApp.swift */,
				C7991B312633D4C200704952 /* ContentView.swift */,
				C7991B6126348A1F00704952 /* ContentViewTemp.swift */,
				C7991B5F2634221A00704952 /* ContentViewOld.swift */,
				C7991B332633D4C400704952 /* Assets.xcassets */,
				C7991B382633D4C400704952 /* Persistence.swift */,
				C7991B3D2633D4C400704952 /* Info.plist */,
				C7991B3A2633D4C400704952 /* Test.xcdatamodeld */,
				C7991B352633D4C400704952 /* Preview Content */,
			);
			path = Test;
			sourceTree = "<group>";
		};
		C7991B352633D4C400704952 /* Preview Content */ = {
			isa = PBXGroup;
			children = (
				C7991B362633D4C400704952 /* Preview Assets.xcassets */,
			);
			path = "Preview Content";
			sourceTree = "<group>";
		};
		C7991B452633D4C400704952 /* TestTests */ = {
			isa = PBXGroup;
			children = (
				C7991B462633D4C400704952 /* TestTests.swift */,
				C7991B482633D4C400704952 /* Info.plist */,
			);
			path = TestTests;
			sourceTree = "<group>";
		};
		C7991B502633D4C400704952 /* TestUITests */ = {
			isa = PBXGroup;
			children = (
				C7991B512633D4C400704952 /* TestUITests.swift */,
				C7991B532633D4C400704952 /* Info.plist */,
			);
			path = TestUITests;
			sourceTree = "<group>";
		};
/* End PBXGroup section */

/* Begin PBXNativeTarget section */
		C7991B2B2633D4C200704952 /* Test */ = {
			isa = PBXNativeTarget;
			buildConfigurationList = C7991B562633D4C400704952 /* Build configuration list for PBXNativeTarget "Test" */;
			buildPhases = (
				C7991B282633D4C200704952 /* Sources */,
				C7991B292633D4C200704952 /* Frameworks */,
				C7991B2A2633D4C200704952 /* Resources */,
			);
			buildRules = (
			);
			dependencies = (
			);
			name = Test;
			productName = Test;
			productReference = C7991B2C2633D4C200704952 /* Test.app */;
			productType = "com.apple.product-type.application";
		};
		C7991B412633D4C400704952 /* TestTests */ = {
			isa = PBXNativeTarget;
			buildConfigurationList = C7991B592633D4C400704952 /* Build configuration list for PBXNativeTarget "TestTests" */;
			buildPhases = (
				C7991B3E2633D4C400704952 /* Sources */,
				C7991B3F2633D4C400704952 /* Frameworks */,
				C7991B402633D4C400704952 /* Resources */,
			);
			buildRules = (
			);
			dependencies = (
				C7991B442633D4C400704952 /* PBXTargetDependency */,
			);
			name = TestTests;
			productName = TestTests;
			productReference = C7991B422633D4C400704952 /* TestTests.xctest */;
			productType = "com.apple.product-type.bundle.unit-test";
		};
		C7991B4C2633D4C400704952 /* TestUITests */ = {
			isa = PBXNativeTarget;
			buildConfigurationList = C7991B5C2633D4C400704952 /* Build configuration list for PBXNativeTarget "TestUITests" */;
			buildPhases = (
				C7991B492633D4C400704952 /* Sources */,
				C7991B4A2633D4C400704952 /* Frameworks */,
				C7991B4B2633D4C400704952 /* Resources */,
			);
			buildRules = (
			);
			dependencies = (
				C7991B4F2633D4C400704952 /* PBXTargetDependency */,
			);
			name = TestUITests;
			productName = TestUITests;
			productReference = C7991B4D2633D4C400704952 /* TestUITests.xctest */;
			productType = "com.apple.product-type.bundle.ui-testing";
		};
/* End PBXNativeTarget section */

/* Begin PBXProject section */
		C7991B242633D4C200704952 /* Project object */ = {
			isa = PBXProject;
			attributes = {
				LastSwiftUpdateCheck = 1250;
				LastUpgradeCheck = 1250;
				TargetAttributes = {
					C7991B2B2633D4C200704952 = {
						CreatedOnToolsVersion = 12.5;
					};
					C7991B412633D4C400704952 = {
						CreatedOnToolsVersion = 12.5;
						TestTargetID = C7991B2B2633D4C200704952;
					};
					C7991B4C2633D4C400704952 = {
						CreatedOnToolsVersion = 12.5;
						TestTargetID = C7991B2B2633D4C200704952;
					};
				};
			};
			buildConfigurationList = C7991B272633D4C200704952 /* Build configuration list for PBXProject "Test" */;
			compatibilityVersion = "Xcode 9.3";
			developmentRegion = en;
			hasScannedForEncodings = 0;
			knownRegions = (
				en,
				Base,
			);
			mainGroup = C7991B232633D4C200704952;
			productRefGroup = C7991B2D2633D4C200704952 /* Products */;
			projectDirPath = "";
			projectRoot = "";
			targets = (
				C7991B2B2633D4C200704952 /* Test */,
				C7991B412633D4C400704952 /* TestTests */,
				C7991B4C2633D4C400704952 /* TestUITests */,
			);
		};
/* End PBXProject section */

/* Begin PBXResourcesBuildPhase section */
		C7991B2A2633D4C200704952 /* Resources */ = {
			isa = PBXResourcesBuildPhase;
			buildActionMask = 2147483647;
			files = (
				C7991B372633D4C400704952 /* Preview Assets.xcassets in Resources */,
				C7991B342633D4C400704952 /* Assets.xcassets in Resources */,
			);
			runOnlyForDeploymentPostprocessing = 0;
		};
		C7991B402633D4C400704952 /* Resources */ = {
			isa = PBXResourcesBuildPhase;
			buildActionMask = 2147483647;
			files = (
			);
			runOnlyForDeploymentPostprocessing = 0;
		};
		C7991B4B2633D4C400704952 /* Resources */ = {
			isa = PBXResourcesBuildPhase;
			buildActionMask = 2147483647;
			files = (
			);
			runOnlyForDeploymentPostprocessing = 0;
		};
/* End PBXResourcesBuildPhase section */

/* Begin PBXSourcesBuildPhase section */
		C7991B282633D4C200704952 /* Sources */ = {
			isa = PBXSourcesBuildPhase;
			buildActionMask = 2147483647;
			files = (
				C7991B6226348A1F00704952 /* ContentViewTemp.swift in Sources */,
				C7991B392633D4C400704952 /* Persistence.swift in Sources */,
				C7991B3C2633D4C400704952 /* Test.xcdatamodeld in Sources */,
				C7991B322633D4C200704952 /* ContentView.swift in Sources */,
				C7991B602634221A00704952 /* ContentViewOld.swift in Sources */,
				C7991B302633D4C200704952 /* TestApp.swift in Sources */,
			);
			runOnlyForDeploymentPostprocessing = 0;
		};
		C7991B3E2633D4C400704952 /* Sources */ = {
			isa = PBXSourcesBuildPhase;
			buildActionMask = 2147483647;
			files = (
				C7991B472633D4C400704952 /* TestTests.swift in Sources */,
			);
			runOnlyForDeploymentPostprocessing = 0;
		};
		C7991B492633D4C400704952 /* Sources */ = {
			isa = PBXSourcesBuildPhase;
			buildActionMask = 2147483647;
			files = (
				C7991B522633D4C400704952 /* TestUITests.swift in Sources */,
			);
			runOnlyForDeploymentPostprocessing = 0;
		};
/* End PBXSourcesBuildPhase section */

/* Begin PBXTargetDependency section */
		C7991B442633D4C400704952 /* PBXTargetDependency */ = {
			isa = PBXTargetDependency;
			target = C7991B2B2633D4C200704952 /* Test */;
			targetProxy = C7991B432633D4C400704952 /* PBXContainerItemProxy */;
		};
		C7991B4F2633D4C400704952 /* PBXTargetDependency */ = {
			isa = PBXTargetDependency;
			target = C7991B2B2633D4C200704952 /* Test */;
			targetProxy = C7991B4E2633D4C400704952 /* PBXContainerItemProxy */;
		};
/* End PBXTargetDependency section */

/* Begin XCBuildConfiguration section */
		C7991B542633D4C400704952 /* Debug */ = {
			isa = XCBuildConfiguration;
			buildSettings = {
				ALWAYS_SEARCH_USER_PATHS = NO;
				CLANG_ANALYZER_NONNULL = YES;
				CLANG_ANALYZER_NUMBER_OBJECT_CONVERSION = YES_AGGRESSIVE;
				CLANG_CXX_LANGUAGE_STANDARD = "gnu++14";
				CLANG_CXX_LIBRARY = "libc++";
				CLANG_ENABLE_MODULES = YES;
				CLANG_ENABLE_OBJC_ARC = YES;
				CLANG_ENABLE_OBJC_WEAK = YES;
				CLANG_WARN_BLOCK_CAPTURE_AUTORELEASING = YES;
				CLANG_WARN_BOOL_CONVERSION = YES;
				CLANG_WARN_COMMA = YES;
				CLANG_WARN_CONSTANT_CONVERSION = YES;
				CLANG_WARN_DEPRECATED_OBJC_IMPLEMENTATIONS = YES;
				CLANG_WARN_DIRECT_OBJC_ISA_USAGE = YES_ERROR;
				CLANG_WARN_DOCUMENTATION_COMMENTS = YES;
				CLANG_WARN_EMPTY_BODY = YES;
				CLANG_WARN_ENUM_CONVERSION = YES;
				CLANG_WARN_INFINITE_RECURSION = YES;
				CLANG_WARN_INT_CONVERSION = YES;
				CLANG_WARN_NON_LITERAL_NULL_CONVERSION = YES;
				CLANG_WARN_OBJC_IMPLICIT_RETAIN_SELF = YES;
				CLANG_WARN_OBJC_LITERAL_CONVERSION = YES;
				CLANG_WARN_OBJC_ROOT_CLASS = YES_ERROR;
				CLANG_WARN_QUOTED_INCLUDE_IN_FRAMEWORK_HEADER = YES;
				CLANG_WARN_RANGE_LOOP_ANALYSIS = YES;
				CLANG_WARN_STRICT_PROTOTYPES = YES;
				CLANG_WARN_SUSPICIOUS_MOVE = YES;
				CLANG_WARN_UNGUARDED_AVAILABILITY = YES_AGGRESSIVE;
				CLANG_WARN_UNREACHABLE_CODE = YES;
				CLANG_WARN__DUPLICATE_METHOD_MATCH = YES;
				COPY_PHASE_STRIP = NO;
				DEBUG_INFORMATION_FORMAT = dwarf;
				ENABLE_STRICT_OBJC_MSGSEND = YES;
				ENABLE_TESTABILITY = YES;
				GCC_C_LANGUAGE_STANDARD = gnu11;
				GCC_DYNAMIC_NO_PIC = NO;
				GCC_NO_COMMON_BLOCKS = YES;
				GCC_OPTIMIZATION_LEVEL = 0;
				GCC_PREPROCESSOR_DEFINITIONS = (
					"DEBUG=1",
					"$(inherited)",
				);
				GCC_WARN_64_TO_32_BIT_CONVERSION = YES;
				GCC_WARN_ABOUT_RETURN_TYPE = YES_ERROR;
				GCC_WARN_UNDECLARED_SELECTOR = YES;
				GCC_WARN_UNINITIALIZED_AUTOS = YES_AGGRESSIVE;
				GCC_WARN_UNUSED_FUNCTION = YES;
				GCC_WARN_UNUSED_VARIABLE = YES;
				IPHONEOS_DEPLOYMENT_TARGET = 14.5;
				MTL_ENABLE_DEBUG_INFO = INCLUDE_SOURCE;
				MTL_FAST_MATH = YES;
				ONLY_ACTIVE_ARCH = YES;
				SDKROOT = iphoneos;
				SWIFT_ACTIVE_COMPILATION_CONDITIONS = DEBUG;
				SWIFT_OPTIMIZATION_LEVEL = "-Onone";
			};
			name = Debug;
		};
		C7991B552633D4C400704952 /* Release */ = {
			isa = XCBuildConfiguration;
			buildSettings = {
				ALWAYS_SEARCH_USER_PATHS = NO;
				CLANG_ANALYZER_NONNULL = YES;
				CLANG_ANALYZER_NUMBER_OBJECT_CONVERSION = YES_AGGRESSIVE;
				CLANG_CXX_LANGUAGE_STANDARD = "gnu++14";
				CLANG_CXX_LIBRARY = "libc++";
				CLANG_ENABLE_MODULES = YES;
				CLANG_ENABLE_OBJC_ARC = YES;
				CLANG_ENABLE_OBJC_WEAK = YES;
				CLANG_WARN_BLOCK_CAPTURE_AUTORELEASING = YES;
				CLANG_WARN_BOOL_CONVERSION = YES;
				CLANG_WARN_COMMA = YES;
				CLANG_WARN_CONSTANT_CONVERSION = YES;
				CLANG_WARN_DEPRECATED_OBJC_IMPLEMENTATIONS = YES;
				CLANG_WARN_DIRECT_OBJC_ISA_USAGE = YES_ERROR;
				CLANG_WARN_DOCUMENTATION_COMMENTS = YES;
				CLANG_WARN_EMPTY_BODY = YES;
				CLANG_WARN_ENUM_CONVERSION = YES;
				CLANG_WARN_INFINITE_RECURSION = YES;
				CLANG_WARN_INT_CONVERSION = YES;
				CLANG_WARN_NON_LITERAL_NULL_CONVERSION = YES;
				CLANG_WARN_OBJC_IMPLICIT_RETAIN_SELF = YES;
				CLANG_WARN_OBJC_LITERAL_CONVERSION = YES;
				CLANG_WARN_OBJC_ROOT_CLASS = YES_ERROR;
				CLANG_WARN_QUOTED_INCLUDE_IN_FRAMEWORK_HEADER = YES;
				CLANG_WARN_RANGE_LOOP_ANALYSIS = YES;
				CLANG_WARN_STRICT_PROTOTYPES = YES;
				CLANG_WARN_SUSPICIOUS_MOVE = YES;
				CLANG_WARN_UNGUARDED_AVAILABILITY = YES_AGGRESSIVE;
				CLANG_WARN_UNREACHABLE_CODE = YES;
				CLANG_WARN__DUPLICATE_METHOD_MATCH = YES;
				COPY_PHASE_STRIP = NO;
				DEBUG_INFORMATION_FORMAT = "dwarf-with-dsym";
				ENABLE_NS_ASSERTIONS = NO;
				ENABLE_STRICT_OBJC_MSGSEND = YES;
				GCC_C_LANGUAGE_STANDARD = gnu11;
				GCC_NO_COMMON_BLOCKS = YES;
				GCC_WARN_64_TO_32_BIT_CONVERSION = YES;
				GCC_WARN_ABOUT_RETURN_TYPE = YES_ERROR;
				GCC_WARN_UNDECLARED_SELECTOR = YES;
				GCC_WARN_UNINITIALIZED_AUTOS = YES_AGGRESSIVE;
				GCC_WARN_UNUSED_FUNCTION = YES;
				GCC_WARN_UNUSED_VARIABLE = YES;
				IPHONEOS_DEPLOYMENT_TARGET = 14.5;
				MTL_ENABLE_DEBUG_INFO = NO;
				MTL_FAST_MATH = YES;
				SDKROOT = iphoneos;
				SWIFT_COMPILATION_MODE = wholemodule;
				SWIFT_OPTIMIZATION_LEVEL = "-O";
				VALIDATE_PRODUCT = YES;
			};
			name = Release;
		};
		C7991B572633D4C400704952 /* Debug */ = {
			isa = XCBuildConfiguration;
			buildSettings = {
				ASSETCATALOG_COMPILER_APPICON_NAME = AppIcon;
				ASSETCATALOG_COMPILER_GLOBAL_ACCENT_COLOR_NAME = AccentColor;
				CODE_SIGN_STYLE = Automatic;
				DEVELOPMENT_ASSET_PATHS = "\"Test/Preview Content\"";
				DEVELOPMENT_TEAM = 292J49Y2B4;
				ENABLE_PREVIEWS = YES;
				INFOPLIST_FILE = Test/Info.plist;
				IPHONEOS_DEPLOYMENT_TARGET = 14.0;
				LD_RUNPATH_SEARCH_PATHS = (
					"$(inherited)",
					"@executable_path/Frameworks",
				);
				PRODUCT_BUNDLE_IDENTIFIER = io.aben.Test;
				PRODUCT_NAME = "$(TARGET_NAME)";
				SWIFT_VERSION = 5.0;
				TARGETED_DEVICE_FAMILY = "1,2";
			};
			name = Debug;
		};
		C7991B582633D4C400704952 /* Release */ = {
			isa = XCBuildConfiguration;
			buildSettings = {
				ASSETCATALOG_COMPILER_APPICON_NAME = AppIcon;
				ASSETCATALOG_COMPILER_GLOBAL_ACCENT_COLOR_NAME = AccentColor;
				CODE_SIGN_STYLE = Automatic;
				DEVELOPMENT_ASSET_PATHS = "\"Test/Preview Content\"";
				DEVELOPMENT_TEAM = 292J49Y2B4;
				ENABLE_PREVIEWS = YES;
				INFOPLIST_FILE = Test/Info.plist;
				IPHONEOS_DEPLOYMENT_TARGET = 14.0;
				LD_RUNPATH_SEARCH_PATHS = (
					"$(inherited)",
					"@executable_path/Frameworks",
				);
				PRODUCT_BUNDLE_IDENTIFIER = io.aben.Test;
				PRODUCT_NAME = "$(TARGET_NAME)";
				SWIFT_VERSION = 5.0;
				TARGETED_DEVICE_FAMILY = "1,2";
			};
			name = Release;
		};
		C7991B5A2633D4C400704952 /* Debug */ = {
			isa = XCBuildConfiguration;
			buildSettings = {
				ALWAYS_EMBED_SWIFT_STANDARD_LIBRARIES = YES;
				BUNDLE_LOADER = "$(TEST_HOST)";
				CODE_SIGN_STYLE = Automatic;
				DEVELOPMENT_TEAM = 292J49Y2B4;
				INFOPLIST_FILE = TestTests/Info.plist;
				IPHONEOS_DEPLOYMENT_TARGET = 14.0;
				LD_RUNPATH_SEARCH_PATHS = (
					"$(inherited)",
					"@executable_path/Frameworks",
					"@loader_path/Frameworks",
				);
				PRODUCT_BUNDLE_IDENTIFIER = io.aben.TestTests;
				PRODUCT_NAME = "$(TARGET_NAME)";
				SWIFT_VERSION = 5.0;
				TARGETED_DEVICE_FAMILY = "1,2";
				TEST_HOST = "$(BUILT_PRODUCTS_DIR)/Test.app/Test";
			};
			name = Debug;
		};
		C7991B5B2633D4C400704952 /* Release */ = {
			isa = XCBuildConfiguration;
			buildSettings = {
				ALWAYS_EMBED_SWIFT_STANDARD_LIBRARIES = YES;
				BUNDLE_LOADER = "$(TEST_HOST)";
				CODE_SIGN_STYLE = Automatic;
				DEVELOPMENT_TEAM = 292J49Y2B4;
				INFOPLIST_FILE = TestTests/Info.plist;
				IPHONEOS_DEPLOYMENT_TARGET = 14.0;
				LD_RUNPATH_SEARCH_PATHS = (
					"$(inherited)",
					"@executable_path/Frameworks",
					"@loader_path/Frameworks",
				);
				PRODUCT_BUNDLE_IDENTIFIER = io.aben.TestTests;
				PRODUCT_NAME = "$(TARGET_NAME)";
				SWIFT_VERSION = 5.0;
				TARGETED_DEVICE_FAMILY = "1,2";
				TEST_HOST = "$(BUILT_PRODUCTS_DIR)/Test.app/Test";
			};
			name = Release;
		};
		C7991B5D2633D4C400704952 /* Debug */ = {
			isa = XCBuildConfiguration;
			buildSettings = {
				ALWAYS_EMBED_SWIFT_STANDARD_LIBRARIES = YES;
				CODE_SIGN_STYLE = Automatic;
				DEVELOPMENT_TEAM = 292J49Y2B4;
				INFOPLIST_FILE = TestUITests/Info.plist;
				LD_RUNPATH_SEARCH_PATHS = (
					"$(inherited)",
					"@executable_path/Frameworks",
					"@loader_path/Frameworks",
				);
				PRODUCT_BUNDLE_IDENTIFIER = io.aben.TestUITests;
				PRODUCT_NAME = "$(TARGET_NAME)";
				SWIFT_VERSION = 5.0;
				TARGETED_DEVICE_FAMILY = "1,2";
				TEST_TARGET_NAME = Test;
			};
			name = Debug;
		};
		C7991B5E2633D4C400704952 /* Release */ = {
			isa = XCBuildConfiguration;
			buildSettings = {
				ALWAYS_EMBED_SWIFT_STANDARD_LIBRARIES = YES;
				CODE_SIGN_STYLE = Automatic;
				DEVELOPMENT_TEAM = 292J49Y2B4;
				INFOPLIST_FILE = TestUITests/Info.plist;
				LD_RUNPATH_SEARCH_PATHS = (
					"$(inherited)",
					"@executable_path/Frameworks",
					"@loader_path/Frameworks",
				);
				PRODUCT_BUNDLE_IDENTIFIER = io.aben.TestUITests;
				PRODUCT_NAME = "$(TARGET_NAME)";
				SWIFT_VERSION = 5.0;
				TARGETED_DEVICE_FAMILY = "1,2";
				TEST_TARGET_NAME = Test;
			};
			name = Release;
		};
/* End XCBuildConfiguration section */

/* Begin XCConfigurationList section */
		C7991B272633D4C200704952 /* Build configuration list for PBXProject "Test" */ = {
			isa = XCConfigurationList;
			buildConfigurations = (
				C7991B542633D4C400704952 /* Debug */,
				C7991B552633D4C400704952 /* Release */,
			);
			defaultConfigurationIsVisible = 0;
			defaultConfigurationName = Release;
		};
		C7991B562633D4C400704952 /* Build configuration list for PBXNativeTarget "Test" */ = {
			isa = XCConfigurationList;
			buildConfigurations = (
				C7991B572633D4C400704952 /* Debug */,
				C7991B582633D4C400704952 /* Release */,
			);
			defaultConfigurationIsVisible = 0;
			defaultConfigurationName = Release;
		};
		C7991B592633D4C400704952 /* Build configuration list for PBXNativeTarget "TestTests" */ = {
			isa = XCConfigurationList;
			buildConfigurations = (
				C7991B5A2633D4C400704952 /* Debug */,
				C7991B5B2633D4C400704952 /* Release */,
			);
			defaultConfigurationIsVisible = 0;
			defaultConfigurationName = Release;
		};
		C7991B5C2633D4C400704952 /* Build configuration list for PBXNativeTarget "TestUITests" */ = {
			isa = XCConfigurationList;
			buildConfigurations = (
				C7991B5D2633D4C400704952 /* Debug */,
				C7991B5E2633D4C400704952 /* Release */,
			);
			defaultConfigurationIsVisible = 0;
			defaultConfigurationName = Release;
		};
/* End XCConfigurationList section */

/* Begin XCVersionGroup section */
		C7991B3A2633D4C400704952 /* Test.xcdatamodeld */ = {
			isa = XCVersionGroup;
			children = (
				C7991B3B2633D4C400704952 /* Test.xcdatamodel */,
			);
			currentVersion = C7991B3B2633D4C400704952 /* Test.xcdatamodel */;
			path = Test.xcdatamodeld;
			sourceTree = "<group>";
			versionGroupType = wrapper.xcdatamodel;
		};
/* End XCVersionGroup section */
	};
	rootObject = C7991B242633D4C200704952 /* Project object */;
}
